
Microsoft Visual Studio Solution File, Format Version 12.00
# Visual Studio Version 16
VisualStudioVersion = 16.0.29519.87
MinimumVisualStudioVersion = 10.0.40219.1
Project("{FAE04EC0-301F-11D3-BF4B-00C04F79EFBC}") = "DoAnLTW", "DoAnLTW.csproj", "{53FD7E38-FD6C-4760-AAFE-0D4236B0091D}"
EndProject
Project("{FAE04EC0-301F-11D3-BF4B-00C04F79EFBC}") = "Lib", "..\Lib\Lib.csproj", "{10C4A9E5-03BC-44D6-A341-ED23A0F1CEDB}"
EndProject
Global
	GlobalSection(SolutionConfigurationPlatforms) = preSolution
		Debug|Any CPU = Debug|Any CPU
		Release|Any CPU = Release|Any CPU
	EndGlobalSection
	GlobalSection(ProjectConfigurationPlatforms) = postSolution
		{53FD7E38-FD6C-4760-AAFE-0D4236B0091D}.Debug|Any CPU.ActiveCfg = Debug|Any CPU
		{53FD7E38-FD6C-4760-AAFE-0D4236B0091D}.Debug|Any CPU.Build.0 = Debug|Any CPU
		{53FD7E38-FD6C-4760-AAFE-0D4236B0091D}.Release|Any CPU.ActiveCfg = Release|Any CPU
		{53FD7E38-FD6C-4760-AAFE-0D4236B0091D}.Release|Any CPU.Build.0 = Release|Any CPU
		{10C4A9E5-03BC-44D6-A341-ED23A0F1CEDB}.Debug|Any CPU.ActiveCfg = Debug|Any CPU
		{10C4A9E5-03BC-44D6-A341-ED23A0F1CEDB}.Debug|Any CPU.Build.0 = Debug|Any CPU
		{10C4A9E5-03BC-44D6-A341-ED23A0F1CEDB}.Release|Any CPU.ActiveCfg = Release|Any CPU
		{10C4A9E5-03BC-44D6-A341-ED23A0F1CEDB}.Release|Any CPU.Build.0 = Release|Any CPU
	EndGlobalSection
	GlobalSection(SolutionProperties) = preSolution
		HideSolutionNode = FALSE
	EndGlobalSection
	GlobalSection(ExtensibilityGlobals) = postSolution
		SolutionGuid = {D73BD8C7-E65F-4EAC-85D2-715E9427F7F6}
	EndGlobalSection
EndGlobal
